
Microsoft Visual Studio Solution File, Format Version 12.00
# Visual Studio Version 17
VisualStudioVersion = 17.3.32819.101
MinimumVisualStudioVersion = 10.0.40219.1
Project("{FAE04EC0-301F-11D3-BF4B-00C04F79EFBC}") = "Exercise9", "Exercise9\Exercise9.csproj", "{6CACC463-699E-4661-8CB2-D98FF82004A2}"
EndProject
Global
	GlobalSection(SolutionConfigurationPlatforms) = preSolution
		Debug|Any CPU = Debug|Any CPU
		Release|Any CPU = Release|Any CPU
	EndGlobalSection
	GlobalSection(ProjectConfigurationPlatforms) = postSolution
		{6CACC463-699E-4661-8CB2-D98FF82004A2}.Debug|Any CPU.ActiveCfg = Debug|Any CPU
		{6CACC463-699E-4661-8CB2-D98FF82004A2}.Debug|Any CPU.Build.0 = Debug|Any CPU
		{6CACC463-699E-4661-8CB2-D98FF82004A2}.Release|Any CPU.ActiveCfg = Release|Any CPU
		{6CACC463-699E-4661-8CB2-D98FF82004A2}.Release|Any CPU.Build.0 = Release|Any CPU
	EndGlobalSection
	GlobalSection(SolutionProperties) = preSolution
		HideSolutionNode = FALSE
	EndGlobalSection
	GlobalSection(ExtensibilityGlobals) = postSolution
		SolutionGuid = {7442E5AD-FB43-49CC-B8C2-F0D0993C84A2}
	EndGlobalSection
EndGlobal
